
Microsoft Visual Studio Solution File, Format Version 12.00
# Visual Studio Version 16
VisualStudioVersion = 25.0.1703.0
MinimumVisualStudioVersion = 10.0.40219.1
Project("{FAE04EC0-301F-11D3-BF4B-00C04F79EFBC}") = "Blogger", "Blogger\Blogger.csproj", "{9A5D697A-913C-4E24-9373-9E499044A24C}"
EndProject
Global
	GlobalSection(SolutionConfigurationPlatforms) = preSolution
		Debug|Any CPU = Debug|Any CPU
		Release|Any CPU = Release|Any CPU
	EndGlobalSection
	GlobalSection(ProjectConfigurationPlatforms) = postSolution
		{9A5D697A-913C-4E24-9373-9E499044A24C}.Debug|Any CPU.ActiveCfg = Debug|Any CPU
		{9A5D697A-913C-4E24-9373-9E499044A24C}.Debug|Any CPU.Build.0 = Debug|Any CPU
		{9A5D697A-913C-4E24-9373-9E499044A24C}.Release|Any CPU.ActiveCfg = Release|Any CPU
		{9A5D697A-913C-4E24-9373-9E499044A24C}.Release|Any CPU.Build.0 = Release|Any CPU
	EndGlobalSection
	GlobalSection(SolutionProperties) = preSolution
		HideSolutionNode = FALSE
	EndGlobalSection
	GlobalSection(ExtensibilityGlobals) = postSolution
		SolutionGuid = {C66638F0-D841-4623-AA82-639DA30BD04E}
	EndGlobalSection
EndGlobal
